<?xml version="1.0" encoding="utf-8"?>
<Project ToolsVersion="4.0" xmlns="http://schemas.microsoft.com/developer/msbuild/2003">
  <ItemGroup>
    <Filter Include="Resource Files">
      <UniqueIdentifier>{67DA6AB6-F800-4c08-8B7A-83BB121AAD01}</UniqueIdentifier>
      <Extensions>rc;ico;cur;bmp;dlg;rc2;rct;bin;rgs;gif;jpg;jpeg;jpe;resx;tiff;tif;png;wav;mfcribbon-ms</Extensions>
    </Filter>
    <Filter Include="Form Files">
      <UniqueIdentifier>{99349809-55BA-4b9d-BF79-8FDBB0286EB3}</UniqueIdentifier>
      <Extensions>ui</Extensions>
    </Filter>
    <Filter Include="Resource Files">
      <UniqueIdentifier>{D9D6E242-F8AF-46E4-B9FD-80ECBC20BA3E}</UniqueIdentifier>
      <Extensions>qrc;*</Extensions>
      <ParseFiles>false</ParseFiles>
    </Filter>
    <Filter Include="Source Files">
      <UniqueIdentifier>{4FC737F1-C7A5-4376-A066-2A32D752A2FF}</UniqueIdentifier>
      <Extensions>cpp;c;cc;cxx;def;odl;idl;hpj;bat;asm;asmx</Extensions>
      <ParseFiles>true</ParseFiles>
    </Filter>
    <Filter Include="Header Files">
      <UniqueIdentifier>{93995380-89BD-4b04-88EB-625FBE52EBFB}</UniqueIdentifier>
      <Extensions>h;hh;hpp;hxx;hm;inl;inc;xsd</Extensions>
      <ParseFiles>true</ParseFiles>
    </Filter>
  </ItemGroup>
  <ItemGroup>
    <QtRcc Include="SlackLogViewer.qrc">
      <Filter>Resource Files</Filter>
    </QtRcc>
  </ItemGroup>
  <ItemGroup>
    <ClCompile Include="SlackLogViewer.cpp" />
    <ClCompile Include="DocumentView.cpp" />
    <ClCompile Include="FileDownloader.cpp" />
    <ClCompile Include="GlobalVariables.cpp" />
    <ClCompile Include="main.cpp" />
    <ClCompile Include="ReplyListView.cpp" />
    <ClCompile Include="MenuBar.cpp" />
    <ClCompile Include="SearchResultList.cpp" />
    <ClCompile Include="MessageListView.cpp" />
    <ClCompile Include="CacheStatus.cpp" />
    <ClCompile Include="Message.cpp" />
    <ClCompile Include="UserListView.cpp">
      <Filter>Source Files</Filter>
    </ClCompile>
  </ItemGroup>
  <ItemGroup>
    <QtMoc Include="DocumentView.h" />
    <QtMoc Include="FileDownloader.h" />
    <QtMoc Include="MessageListView.h" />
    <QtMoc Include="ReplyListView.h" />
    <QtMoc Include="MenuBar.h" />
    <QtMoc Include="SearchResultList.h" />
    <QtMoc Include="SlackLogViewer.h" />
    <QtMoc Include="CacheStatus.h" />
  </ItemGroup>
  <ItemGroup>
    <ClInclude Include="emoji.h" />
    <ClInclude Include="GlobalVariables.h" />
    <ClInclude Include="resource.h" />
    <ClInclude Include="Singleton.h" />
    <ClInclude Include="Message.h" />
    <ClInclude Include="UserListView.h">
      <Filter>Header Files</Filter>
    </ClInclude>
  </ItemGroup>
  <ItemGroup>
    <ResourceCompile Include="SlackLogViewer.rc">
      <Filter>Resource Files</Filter>
    </ResourceCompile>
  </ItemGroup>
</Project>